PODS:
  - GoogleMaps/Base (3.6.0)
  - GooglePlaces (3.6.0):
    - GoogleMaps/Base (= 3.6.0)

DEPENDENCIES:
  - GooglePlaces

SPEC REPOS:
  trunk:
    - GoogleMaps
    - GooglePlaces

SPEC CHECKSUMS:
  GoogleMaps: 82f8fe307193bb4de6ef6bf9e88f1d624b718f9d
  GooglePlaces: 1b9d29cf3e164903d873600f511f42acdfe85294

PODFILE CHECKSUM: 52346f20de3361227d71b32eeceef41fe2bb6c7c

COCOAPODS: 1.8.4
